
Microsoft Visual Studio Solution File, Format Version 12.00
# Visual Studio 15
VisualStudioVersion = 15.0.28010.2050
MinimumVisualStudioVersion = 10.0.40219.1
Project("{FAE04EC0-301F-11D3-BF4B-00C04F79EFBC}") = "DddInPractice.Logics", "DddInPractice.Logics\DddInPractice.Logics.csproj", "{D1AEEA7F-EAB9-404F-BC80-B7CC0E8C8EFB}"
EndProject
Project("{FAE04EC0-301F-11D3-BF4B-00C04F79EFBC}") = "DDD.Test", "DDD.Test\DDD.Test.csproj", "{A2A8F0B2-D8EF-453D-BFDE-65F8832923AE}"
EndProject
Project("{FAE04EC0-301F-11D3-BF4B-00C04F79EFBC}") = "DddInPractice.UI", "DddInPractice.UI\DddInPractice.UI.csproj", "{5CBD16FE-DEDC-4C03-BF08-8F861C7D5F0D}"
EndProject
Project("{FAE04EC0-301F-11D3-BF4B-00C04F79EFBC}") = "DddInPractice.UIs", "DddInPractice.UIs\DddInPractice.UIs.csproj", "{25CA4042-01DC-47B2-B6CA-1A3A0C8E65F7}"
EndProject
Global
	GlobalSection(SolutionConfigurationPlatforms) = preSolution
		Debug|Any CPU = Debug|Any CPU
		Debug|ARM = Debug|ARM
		Debug|ARM64 = Debug|ARM64
		Debug|x64 = Debug|x64
		Debug|x86 = Debug|x86
		Release|Any CPU = Release|Any CPU
		Release|ARM = Release|ARM
		Release|ARM64 = Release|ARM64
		Release|x64 = Release|x64
		Release|x86 = Release|x86
	EndGlobalSection
	GlobalSection(ProjectConfigurationPlatforms) = postSolution
		{D1AEEA7F-EAB9-404F-BC80-B7CC0E8C8EFB}.Debug|Any CPU.ActiveCfg = Debug|Any CPU
		{D1AEEA7F-EAB9-404F-BC80-B7CC0E8C8EFB}.Debug|Any CPU.Build.0 = Debug|Any CPU
		{D1AEEA7F-EAB9-404F-BC80-B7CC0E8C8EFB}.Debug|ARM.ActiveCfg = Debug|Any CPU
		{D1AEEA7F-EAB9-404F-BC80-B7CC0E8C8EFB}.Debug|ARM.Build.0 = Debug|Any CPU
		{D1AEEA7F-EAB9-404F-BC80-B7CC0E8C8EFB}.Debug|ARM64.ActiveCfg = Debug|Any CPU
		{D1AEEA7F-EAB9-404F-BC80-B7CC0E8C8EFB}.Debug|ARM64.Build.0 = Debug|Any CPU
		{D1AEEA7F-EAB9-404F-BC80-B7CC0E8C8EFB}.Debug|x64.ActiveCfg = Debug|Any CPU
		{D1AEEA7F-EAB9-404F-BC80-B7CC0E8C8EFB}.Debug|x64.Build.0 = Debug|Any CPU
		{D1AEEA7F-EAB9-404F-BC80-B7CC0E8C8EFB}.Debug|x86.ActiveCfg = Debug|Any CPU
		{D1AEEA7F-EAB9-404F-BC80-B7CC0E8C8EFB}.Debug|x86.Build.0 = Debug|Any CPU
		{D1AEEA7F-EAB9-404F-BC80-B7CC0E8C8EFB}.Release|Any CPU.ActiveCfg = Release|Any CPU
		{D1AEEA7F-EAB9-404F-BC80-B7CC0E8C8EFB}.Release|Any CPU.Build.0 = Release|Any CPU
		{D1AEEA7F-EAB9-404F-BC80-B7CC0E8C8EFB}.Release|ARM.ActiveCfg = Release|Any CPU
		{D1AEEA7F-EAB9-404F-BC80-B7CC0E8C8EFB}.Release|ARM.Build.0 = Release|Any CPU
		{D1AEEA7F-EAB9-404F-BC80-B7CC0E8C8EFB}.Release|ARM64.ActiveCfg = Release|Any CPU
		{D1AEEA7F-EAB9-404F-BC80-B7CC0E8C8EFB}.Release|ARM64.Build.0 = Release|Any CPU
		{D1AEEA7F-EAB9-404F-BC80-B7CC0E8C8EFB}.Release|x64.ActiveCfg = Release|Any CPU
		{D1AEEA7F-EAB9-404F-BC80-B7CC0E8C8EFB}.Release|x64.Build.0 = Release|Any CPU
		{D1AEEA7F-EAB9-404F-BC80-B7CC0E8C8EFB}.Release|x86.ActiveCfg = Release|Any CPU
		{D1AEEA7F-EAB9-404F-BC80-B7CC0E8C8EFB}.Release|x86.Build.0 = Release|Any CPU
		{A2A8F0B2-D8EF-453D-BFDE-65F8832923AE}.Debug|Any CPU.ActiveCfg = Debug|Any CPU
		{A2A8F0B2-D8EF-453D-BFDE-65F8832923AE}.Debug|Any CPU.Build.0 = Debug|Any CPU
		{A2A8F0B2-D8EF-453D-BFDE-65F8832923AE}.Debug|ARM.ActiveCfg = Debug|Any CPU
		{A2A8F0B2-D8EF-453D-BFDE-65F8832923AE}.Debug|ARM.Build.0 = Debug|Any CPU
		{A2A8F0B2-D8EF-453D-BFDE-65F8832923AE}.Debug|ARM64.ActiveCfg = Debug|Any CPU
		{A2A8F0B2-D8EF-453D-BFDE-65F8832923AE}.Debug|ARM64.Build.0 = Debug|Any CPU
		{A2A8F0B2-D8EF-453D-BFDE-65F8832923AE}.Debug|x64.ActiveCfg = Debug|Any CPU
		{A2A8F0B2-D8EF-453D-BFDE-65F8832923AE}.Debug|x64.Build.0 = Debug|Any CPU
		{A2A8F0B2-D8EF-453D-BFDE-65F8832923AE}.Debug|x86.ActiveCfg = Debug|Any CPU
		{A2A8F0B2-D8EF-453D-BFDE-65F8832923AE}.Debug|x86.Build.0 = Debug|Any CPU
		{A2A8F0B2-D8EF-453D-BFDE-65F8832923AE}.Release|Any CPU.ActiveCfg = Release|Any CPU
		{A2A8F0B2-D8EF-453D-BFDE-65F8832923AE}.Release|Any CPU.Build.0 = Release|Any CPU
		{A2A8F0B2-D8EF-453D-BFDE-65F8832923AE}.Release|ARM.ActiveCfg = Release|Any CPU
		{A2A8F0B2-D8EF-453D-BFDE-65F8832923AE}.Release|ARM.Build.0 = Release|Any CPU
		{A2A8F0B2-D8EF-453D-BFDE-65F8832923AE}.Release|ARM64.ActiveCfg = Release|Any CPU
		{A2A8F0B2-D8EF-453D-BFDE-65F8832923AE}.Release|ARM64.Build.0 = Release|Any CPU
		{A2A8F0B2-D8EF-453D-BFDE-65F8832923AE}.Release|x64.ActiveCfg = Release|Any CPU
		{A2A8F0B2-D8EF-453D-BFDE-65F8832923AE}.Release|x64.Build.0 = Release|Any CPU
		{A2A8F0B2-D8EF-453D-BFDE-65F8832923AE}.Release|x86.ActiveCfg = Release|Any CPU
		{A2A8F0B2-D8EF-453D-BFDE-65F8832923AE}.Release|x86.Build.0 = Release|Any CPU
		{5CBD16FE-DEDC-4C03-BF08-8F861C7D5F0D}.Debug|Any CPU.ActiveCfg = Debug|Any CPU
		{5CBD16FE-DEDC-4C03-BF08-8F861C7D5F0D}.Debug|Any CPU.Build.0 = Debug|Any CPU
		{5CBD16FE-DEDC-4C03-BF08-8F861C7D5F0D}.Debug|ARM.ActiveCfg = Debug|Any CPU
		{5CBD16FE-DEDC-4C03-BF08-8F861C7D5F0D}.Debug|ARM.Build.0 = Debug|Any CPU
		{5CBD16FE-DEDC-4C03-BF08-8F861C7D5F0D}.Debug|ARM64.ActiveCfg = Debug|Any CPU
		{5CBD16FE-DEDC-4C03-BF08-8F861C7D5F0D}.Debug|ARM64.Build.0 = Debug|Any CPU
		{5CBD16FE-DEDC-4C03-BF08-8F861C7D5F0D}.Debug|x64.ActiveCfg = Debug|Any CPU
		{5CBD16FE-DEDC-4C03-BF08-8F861C7D5F0D}.Debug|x64.Build.0 = Debug|Any CPU
		{5CBD16FE-DEDC-4C03-BF08-8F861C7D5F0D}.Debug|x86.ActiveCfg = Debug|Any CPU
		{5CBD16FE-DEDC-4C03-BF08-8F861C7D5F0D}.Debug|x86.Build.0 = Debug|Any CPU
		{5CBD16FE-DEDC-4C03-BF08-8F861C7D5F0D}.Release|Any CPU.ActiveCfg = Release|Any CPU
		{5CBD16FE-DEDC-4C03-BF08-8F861C7D5F0D}.Release|Any CPU.Build.0 = Release|Any CPU
		{5CBD16FE-DEDC-4C03-BF08-8F861C7D5F0D}.Release|ARM.ActiveCfg = Release|Any CPU
		{5CBD16FE-DEDC-4C03-BF08-8F861C7D5F0D}.Release|ARM.Build.0 = Release|Any CPU
		{5CBD16FE-DEDC-4C03-BF08-8F861C7D5F0D}.Release|ARM64.ActiveCfg = Release|Any CPU
		{5CBD16FE-DEDC-4C03-BF08-8F861C7D5F0D}.Release|ARM64.Build.0 = Release|Any CPU
		{5CBD16FE-DEDC-4C03-BF08-8F861C7D5F0D}.Release|x64.ActiveCfg = Release|Any CPU
		{5CBD16FE-DEDC-4C03-BF08-8F861C7D5F0D}.Release|x64.Build.0 = Release|Any CPU
		{5CBD16FE-DEDC-4C03-BF08-8F861C7D5F0D}.Release|x86.ActiveCfg = Release|Any CPU
		{5CBD16FE-DEDC-4C03-BF08-8F861C7D5F0D}.Release|x86.Build.0 = Release|Any CPU
		{25CA4042-01DC-47B2-B6CA-1A3A0C8E65F7}.Debug|Any CPU.ActiveCfg = Debug|Any CPU
		{25CA4042-01DC-47B2-B6CA-1A3A0C8E65F7}.Debug|Any CPU.Build.0 = Debug|Any CPU
		{25CA4042-01DC-47B2-B6CA-1A3A0C8E65F7}.Debug|ARM.ActiveCfg = Debug|Any CPU
		{25CA4042-01DC-47B2-B6CA-1A3A0C8E65F7}.Debug|ARM.Build.0 = Debug|Any CPU
		{25CA4042-01DC-47B2-B6CA-1A3A0C8E65F7}.Debug|ARM64.ActiveCfg = Debug|Any CPU
		{25CA4042-01DC-47B2-B6CA-1A3A0C8E65F7}.Debug|ARM64.Build.0 = Debug|Any CPU
		{25CA4042-01DC-47B2-B6CA-1A3A0C8E65F7}.Debug|x64.ActiveCfg = Debug|Any CPU
		{25CA4042-01DC-47B2-B6CA-1A3A0C8E65F7}.Debug|x64.Build.0 = Debug|Any CPU
		{25CA4042-01DC-47B2-B6CA-1A3A0C8E65F7}.Debug|x86.ActiveCfg = Debug|Any CPU
		{25CA4042-01DC-47B2-B6CA-1A3A0C8E65F7}.Debug|x86.Build.0 = Debug|Any CPU
		{25CA4042-01DC-47B2-B6CA-1A3A0C8E65F7}.Release|Any CPU.ActiveCfg = Release|Any CPU
		{25CA4042-01DC-47B2-B6CA-1A3A0C8E65F7}.Release|Any CPU.Build.0 = Release|Any CPU
		{25CA4042-01DC-47B2-B6CA-1A3A0C8E65F7}.Release|ARM.ActiveCfg = Release|Any CPU
		{25CA4042-01DC-47B2-B6CA-1A3A0C8E65F7}.Release|ARM.Build.0 = Release|Any CPU
		{25CA4042-01DC-47B2-B6CA-1A3A0C8E65F7}.Release|ARM64.ActiveCfg = Release|Any CPU
		{25CA4042-01DC-47B2-B6CA-1A3A0C8E65F7}.Release|ARM64.Build.0 = Release|Any CPU
		{25CA4042-01DC-47B2-B6CA-1A3A0C8E65F7}.Release|x64.ActiveCfg = Release|Any CPU
		{25CA4042-01DC-47B2-B6CA-1A3A0C8E65F7}.Release|x64.Build.0 = Release|Any CPU
		{25CA4042-01DC-47B2-B6CA-1A3A0C8E65F7}.Release|x86.ActiveCfg = Release|Any CPU
		{25CA4042-01DC-47B2-B6CA-1A3A0C8E65F7}.Release|x86.Build.0 = Release|Any CPU
	EndGlobalSection
	GlobalSection(SolutionProperties) = preSolution
		HideSolutionNode = FALSE
	EndGlobalSection
	GlobalSection(ExtensibilityGlobals) = postSolution
		SolutionGuid = {AA91DA56-9ACE-4746-A9E4-980EA41E35E3}
	EndGlobalSection
EndGlobal
